// !$*UTF8*$!
{
	archiveVersion = 1;
	classes = {
	};
	objectVersion = 56;
	objects = {

/* Begin PBXBuildFile section */
		B4D0CD6D29769471002F4A50 /* AppDelegate.swift in Sources */ = {isa = PBXBuildFile; fileRef = B4D0CD6C29769471002F4A50 /* AppDelegate.swift */; };
		B4D0CD6F29769471002F4A50 /* SceneDelegate.swift in Sources */ = {isa = PBXBuildFile; fileRef = B4D0CD6E29769471002F4A50 /* SceneDelegate.swift */; };
		B4D0CD7129769471002F4A50 /* ViewController.swift in Sources */ = {isa = PBXBuildFile; fileRef = B4D0CD7029769471002F4A50 /* ViewController.swift */; };
		B4D0CD7429769471002F4A50 /* Main.storyboard in Resources */ = {isa = PBXBuildFile; fileRef = B4D0CD7229769471002F4A50 /* Main.storyboard */; };
		B4D0CD7629769472002F4A50 /* Assets.xcassets in Resources */ = {isa = PBXBuildFile; fileRef = B4D0CD7529769472002F4A50 /* Assets.xcassets */; };
		B4D0CD7929769472002F4A50 /* LaunchScreen.storyboard in Resources */ = {isa = PBXBuildFile; fileRef = B4D0CD7729769472002F4A50 /* LaunchScreen.storyboard */; };
		B4D0CD8429769472002F4A50 /* StoreBFATests.swift in Sources */ = {isa = PBXBuildFile; fileRef = B4D0CD8329769472002F4A50 /* StoreBFATests.swift */; };
		B4D0CD8E29769472002F4A50 /* StoreBFAUITests.swift in Sources */ = {isa = PBXBuildFile; fileRef = B4D0CD8D29769472002F4A50 /* StoreBFAUITests.swift */; };
		B4D0CD9029769472002F4A50 /* StoreBFAUITestsLaunchTests.swift in Sources */ = {isa = PBXBuildFile; fileRef = B4D0CD8F29769472002F4A50 /* StoreBFAUITestsLaunchTests.swift */; };
/* End PBXBuildFile section */

/* Begin PBXContainerItemProxy section */
		B4D0CD8029769472002F4A50 /* PBXContainerItemProxy */ = {
			isa = PBXContainerItemProxy;
			containerPortal = B4D0CD6129769471002F4A50 /* Project object */;
			proxyType = 1;
			remoteGlobalIDString = B4D0CD6829769471002F4A50;
			remoteInfo = StoreBFA;
		};
		B4D0CD8A29769472002F4A50 /* PBXContainerItemProxy */ = {
			isa = PBXContainerItemProxy;
			containerPortal = B4D0CD6129769471002F4A50 /* Project object */;
			proxyType = 1;
			remoteGlobalIDString = B4D0CD6829769471002F4A50;
			remoteInfo = StoreBFA;
		};
/* End PBXContainerItemProxy section */

/* Begin PBXFileReference section */
		B4D0CD6929769471002F4A50 /* StoreBFA.app */ = {isa = PBXFileReference; explicitFileType = wrapper.application; includeInIndex = 0; path = StoreBFA.app; sourceTree = BUILT_PRODUCTS_DIR; };
		B4D0CD6C29769471002F4A50 /* AppDelegate.swift */ = {isa = PBXFileReference; lastKnownFileType = sourcecode.swift; path = AppDelegate.swift; sourceTree = "<group>"; };
		B4D0CD6E29769471002F4A50 /* SceneDelegate.swift */ = {isa = PBXFileReference; lastKnownFileType = sourcecode.swift; path = SceneDelegate.swift; sourceTree = "<group>"; };
		B4D0CD7029769471002F4A50 /* ViewController.swift */ = {isa = PBXFileReference; lastKnownFileType = sourcecode.swift; path = ViewController.swift; sourceTree = "<group>"; };
		B4D0CD7329769471002F4A50 /* Base */ = {isa = PBXFileReference; lastKnownFileType = file.storyboard; name = Base; path = Base.lproj/Main.storyboard; sourceTree = "<group>"; };
		B4D0CD7529769472002F4A50 /* Assets.xcassets */ = {isa = PBXFileReference; lastKnownFileType = folder.assetcatalog; path = Assets.xcassets; sourceTree = "<group>"; };
		B4D0CD7829769472002F4A50 /* Base */ = {isa = PBXFileReference; lastKnownFileType = file.storyboard; name = Base; path = Base.lproj/LaunchScreen.storyboard; sourceTree = "<group>"; };
		B4D0CD7A29769472002F4A50 /* Info.plist */ = {isa = PBXFileReference; lastKnownFileType = text.plist.xml; path = Info.plist; sourceTree = "<group>"; };
		B4D0CD7F29769472002F4A50 /* StoreBFATests.xctest */ = {isa = PBXFileReference; explicitFileType = wrapper.cfbundle; includeInIndex = 0; path = StoreBFATests.xctest; sourceTree = BUILT_PRODUCTS_DIR; };
		B4D0CD8329769472002F4A50 /* StoreBFATests.swift */ = {isa = PBXFileReference; lastKnownFileType = sourcecode.swift; path = StoreBFATests.swift; sourceTree = "<group>"; };
		B4D0CD8929769472002F4A50 /* StoreBFAUITests.xctest */ = {isa = PBXFileReference; explicitFileType = wrapper.cfbundle; includeInIndex = 0; path = StoreBFAUITests.xctest; sourceTree = BUILT_PRODUCTS_DIR; };
		B4D0CD8D29769472002F4A50 /* StoreBFAUITests.swift */ = {isa = PBXFileReference; lastKnownFileType = sourcecode.swift; path = StoreBFAUITests.swift; sourceTree = "<group>"; };
		B4D0CD8F29769472002F4A50 /* StoreBFAUITestsLaunchTests.swift */ = {isa = PBXFileReference; lastKnownFileType = sourcecode.swift; path = StoreBFAUITestsLaunchTests.swift; sourceTree = "<group>"; };
/* End PBXFileReference section */

/* Begin PBXFrameworksBuildPhase section */
		B4D0CD6629769471002F4A50 /* Frameworks */ = {
			isa = PBXFrameworksBuildPhase;
			buildActionMask = 2147483647;
			files = (
			);
			runOnlyForDeploymentPostprocessing = 0;
		};
		B4D0CD7C29769472002F4A50 /* Frameworks */ = {
			isa = PBXFrameworksBuildPhase;
			buildActionMask = 2147483647;
			files = (
			);
			runOnlyForDeploymentPostprocessing = 0;
		};
		B4D0CD8629769472002F4A50 /* Frameworks */ = {
			isa = PBXFrameworksBuildPhase;
			buildActionMask = 2147483647;
			files = (
			);
			runOnlyForDeploymentPostprocessing = 0;
		};
/* End PBXFrameworksBuildPhase section */

/* Begin PBXGroup section */
		B4D0CD6029769471002F4A50 = {
			isa = PBXGroup;
			children = (
				B4D0CD6B29769471002F4A50 /* StoreBFA */,
				B4D0CD8229769472002F4A50 /* StoreBFATests */,
				B4D0CD8C29769472002F4A50 /* StoreBFAUITests */,
				B4D0CD6A29769471002F4A50 /* Products */,
			);
			sourceTree = "<group>";
		};
		B4D0CD6A29769471002F4A50 /* Products */ = {
			isa = PBXGroup;
			children = (
				B4D0CD6929769471002F4A50 /* StoreBFA.app */,
				B4D0CD7F29769472002F4A50 /* StoreBFATests.xctest */,
				B4D0CD8929769472002F4A50 /* StoreBFAUITests.xctest */,
			);
			name = Products;
			sourceTree = "<group>";
		};
		B4D0CD6B29769471002F4A50 /* StoreBFA */ = {
			isa = PBXGroup;
			children = (
				B4D0CD6C29769471002F4A50 /* AppDelegate.swift */,
				B4D0CD6E29769471002F4A50 /* SceneDelegate.swift */,
				B4D0CD7029769471002F4A50 /* ViewController.swift */,
				B4D0CD7229769471002F4A50 /* Main.storyboard */,
				B4D0CD7529769472002F4A50 /* Assets.xcassets */,
				B4D0CD7729769472002F4A50 /* LaunchScreen.storyboard */,
				B4D0CD7A29769472002F4A50 /* Info.plist */,
			);
			path = StoreBFA;
			sourceTree = "<group>";
		};
		B4D0CD8229769472002F4A50 /* StoreBFATests */ = {
			isa = PBXGroup;
			children = (
				B4D0CD8329769472002F4A50 /* StoreBFATests.swift */,
			);
			path = StoreBFATests;
			sourceTree = "<group>";
		};
		B4D0CD8C29769472002F4A50 /* StoreBFAUITests */ = {
			isa = PBXGroup;
			children = (
				B4D0CD8D29769472002F4A50 /* StoreBFAUITests.swift */,
				B4D0CD8F29769472002F4A50 /* StoreBFAUITestsLaunchTests.swift */,
			);
			path = StoreBFAUITests;
			sourceTree = "<group>";
		};
/* End PBXGroup section */

/* Begin PBXNativeTarget section */
		B4D0CD6829769471002F4A50 /* StoreBFA */ = {
			isa = PBXNativeTarget;
			buildConfigurationList = B4D0CD9329769472002F4A50 /* Build configuration list for PBXNativeTarget "StoreBFA" */;
			buildPhases = (
				B4D0CD6529769471002F4A50 /* Sources */,
				B4D0CD6629769471002F4A50 /* Frameworks */,
				B4D0CD6729769471002F4A50 /* Resources */,
			);
			buildRules = (
			);
			dependencies = (
			);
			name = StoreBFA;
			productName = StoreBFA;
			productReference = B4D0CD6929769471002F4A50 /* StoreBFA.app */;
			productType = "com.apple.product-type.application";
		};
		B4D0CD7E29769472002F4A50 /* StoreBFATests */ = {
			isa = PBXNativeTarget;
			buildConfigurationList = B4D0CD9629769472002F4A50 /* Build configuration list for PBXNativeTarget "StoreBFATests" */;
			buildPhases = (
				B4D0CD7B29769472002F4A50 /* Sources */,
				B4D0CD7C29769472002F4A50 /* Frameworks */,
				B4D0CD7D29769472002F4A50 /* Resources */,
			);
			buildRules = (
			);
			dependencies = (
				B4D0CD8129769472002F4A50 /* PBXTargetDependency */,
			);
			name = StoreBFATests;
			productName = StoreBFATests;
			productReference = B4D0CD7F29769472002F4A50 /* StoreBFATests.xctest */;
			productType = "com.apple.product-type.bundle.unit-test";
		};
		B4D0CD8829769472002F4A50 /* StoreBFAUITests */ = {
			isa = PBXNativeTarget;
			buildConfigurationList = B4D0CD9929769472002F4A50 /* Build configuration list for PBXNativeTarget "StoreBFAUITests" */;
			buildPhases = (
				B4D0CD8529769472002F4A50 /* Sources */,
				B4D0CD8629769472002F4A50 /* Frameworks */,
				B4D0CD8729769472002F4A50 /* Resources */,
			);
			buildRules = (
			);
			dependencies = (
				B4D0CD8B29769472002F4A50 /* PBXTargetDependency */,
			);
			name = StoreBFAUITests;
			productName = StoreBFAUITests;
			productReference = B4D0CD8929769472002F4A50 /* StoreBFAUITests.xctest */;
			productType = "com.apple.product-type.bundle.ui-testing";
		};
/* End PBXNativeTarget section */

/* Begin PBXProject section */
		B4D0CD6129769471002F4A50 /* Project object */ = {
			isa = PBXProject;
			attributes = {
				BuildIndependentTargetsInParallel = 1;
				LastSwiftUpdateCheck = 1420;
				LastUpgradeCheck = 1420;
				TargetAttributes = {
					B4D0CD6829769471002F4A50 = {
						CreatedOnToolsVersion = 14.2;
					};
					B4D0CD7E29769472002F4A50 = {
						CreatedOnToolsVersion = 14.2;
						TestTargetID = B4D0CD6829769471002F4A50;
					};
					B4D0CD8829769472002F4A50 = {
						CreatedOnToolsVersion = 14.2;
						TestTargetID = B4D0CD6829769471002F4A50;
					};
				};
			};
			buildConfigurationList = B4D0CD6429769471002F4A50 /* Build configuration list for PBXProject "StoreBFA" */;
			compatibilityVersion = "Xcode 14.0";
			developmentRegion = en;
			hasScannedForEncodings = 0;
			knownRegions = (
				en,
				Base,
			);
			mainGroup = B4D0CD6029769471002F4A50;
			productRefGroup = B4D0CD6A29769471002F4A50 /* Products */;
			projectDirPath = "";
			projectRoot = "";
			targets = (
				B4D0CD6829769471002F4A50 /* StoreBFA */,
				B4D0CD7E29769472002F4A50 /* StoreBFATests */,
				B4D0CD8829769472002F4A50 /* StoreBFAUITests */,
			);
		};
/* End PBXProject section */

/* Begin PBXResourcesBuildPhase section */
		B4D0CD6729769471002F4A50 /* Resources */ = {
			isa = PBXResourcesBuildPhase;
			buildActionMask = 2147483647;
			files = (
				B4D0CD7929769472002F4A50 /* LaunchScreen.storyboard in Resources */,
				B4D0CD7629769472002F4A50 /* Assets.xcassets in Resources */,
				B4D0CD7429769471002F4A50 /* Main.storyboard in Resources */,
			);
			runOnlyForDeploymentPostprocessing = 0;
		};
		B4D0CD7D29769472002F4A50 /* Resources */ = {
			isa = PBXResourcesBuildPhase;
			buildActionMask = 2147483647;
			files = (
			);
			runOnlyForDeploymentPostprocessing = 0;
		};
		B4D0CD8729769472002F4A50 /* Resources */ = {
			isa = PBXResourcesBuildPhase;
			buildActionMask = 2147483647;
			files = (
			);
			runOnlyForDeploymentPostprocessing = 0;
		};
/* End PBXResourcesBuildPhase section */

/* Begin PBXSourcesBuildPhase section */
		B4D0CD6529769471002F4A50 /* Sources */ = {
			isa = PBXSourcesBuildPhase;
			buildActionMask = 2147483647;
			files = (
				B4D0CD7129769471002F4A50 /* ViewController.swift in Sources */,
				B4D0CD6D29769471002F4A50 /* AppDelegate.swift in Sources */,
				B4D0CD6F29769471002F4A50 /* SceneDelegate.swift in Sources */,
			);
			runOnlyForDeploymentPostprocessing = 0;
		};
		B4D0CD7B29769472002F4A50 /* Sources */ = {
			isa = PBXSourcesBuildPhase;
			buildActionMask = 2147483647;
			files = (
				B4D0CD8429769472002F4A50 /* StoreBFATests.swift in Sources */,
			);
			runOnlyForDeploymentPostprocessing = 0;
		};
		B4D0CD8529769472002F4A50 /* Sources */ = {
			isa = PBXSourcesBuildPhase;
			buildActionMask = 2147483647;
			files = (
				B4D0CD9029769472002F4A50 /* StoreBFAUITestsLaunchTests.swift in Sources */,
				B4D0CD8E29769472002F4A50 /* StoreBFAUITests.swift in Sources */,
			);
			runOnlyForDeploymentPostprocessing = 0;
		};
/* End PBXSourcesBuildPhase section */

/* Begin PBXTargetDependency section */
		B4D0CD8129769472002F4A50 /* PBXTargetDependency */ = {
			isa = PBXTargetDependency;
			target = B4D0CD6829769471002F4A50 /* StoreBFA */;
			targetProxy = B4D0CD8029769472002F4A50 /* PBXContainerItemProxy */;
		};
		B4D0CD8B29769472002F4A50 /* PBXTargetDependency */ = {
			isa = PBXTargetDependency;
			target = B4D0CD6829769471002F4A50 /* StoreBFA */;
			targetProxy = B4D0CD8A29769472002F4A50 /* PBXContainerItemProxy */;
		};
/* End PBXTargetDependency section */

/* Begin PBXVariantGroup section */
		B4D0CD7229769471002F4A50 /* Main.storyboard */ = {
			isa = PBXVariantGroup;
			children = (
				B4D0CD7329769471002F4A50 /* Base */,
			);
			name = Main.storyboard;
			sourceTree = "<group>";
		};
		B4D0CD7729769472002F4A50 /* LaunchScreen.storyboard */ = {
			isa = PBXVariantGroup;
			children = (
				B4D0CD7829769472002F4A50 /* Base */,
			);
			name = LaunchScreen.storyboard;
			sourceTree = "<group>";
		};
/* End PBXVariantGroup section */

/* Begin XCBuildConfiguration section */
		B4D0CD9129769472002F4A50 /* Debug */ = {
			isa = XCBuildConfiguration;
			buildSettings = {
				ALWAYS_SEARCH_USER_PATHS = NO;
				CLANG_ANALYZER_NONNULL = YES;
				CLANG_ANALYZER_NUMBER_OBJECT_CONVERSION = YES_AGGRESSIVE;
				CLANG_CXX_LANGUAGE_STANDARD = "gnu++20";
				CLANG_ENABLE_MODULES = YES;
				CLANG_ENABLE_OBJC_ARC = YES;
				CLANG_ENABLE_OBJC_WEAK = YES;
				CLANG_WARN_BLOCK_CAPTURE_AUTORELEASING = YES;
				CLANG_WARN_BOOL_CONVERSION = YES;
				CLANG_WARN_COMMA = YES;
				CLANG_WARN_CONSTANT_CONVERSION = YES;
				CLANG_WARN_DEPRECATED_OBJC_IMPLEMENTATIONS = YES;
				CLANG_WARN_DIRECT_OBJC_ISA_USAGE = YES_ERROR;
				CLANG_WARN_DOCUMENTATION_COMMENTS = YES;
				CLANG_WARN_EMPTY_BODY = YES;
				CLANG_WARN_ENUM_CONVERSION = YES;
				CLANG_WARN_INFINITE_RECURSION = YES;
				CLANG_WARN_INT_CONVERSION = YES;
				CLANG_WARN_NON_LITERAL_NULL_CONVERSION = YES;
				CLANG_WARN_OBJC_IMPLICIT_RETAIN_SELF = YES;
				CLANG_WARN_OBJC_LITERAL_CONVERSION = YES;
				CLANG_WARN_OBJC_ROOT_CLASS = YES_ERROR;
				CLANG_WARN_QUOTED_INCLUDE_IN_FRAMEWORK_HEADER = YES;
				CLANG_WARN_RANGE_LOOP_ANALYSIS = YES;
				CLANG_WARN_STRICT_PROTOTYPES = YES;
				CLANG_WARN_SUSPICIOUS_MOVE = YES;
				CLANG_WARN_UNGUARDED_AVAILABILITY = YES_AGGRESSIVE;
				CLANG_WARN_UNREACHABLE_CODE = YES;
				CLANG_WARN__DUPLICATE_METHOD_MATCH = YES;
				COPY_PHASE_STRIP = NO;
				DEBUG_INFORMATION_FORMAT = dwarf;
				ENABLE_STRICT_OBJC_MSGSEND = YES;
				ENABLE_TESTABILITY = YES;
				GCC_C_LANGUAGE_STANDARD = gnu11;
				GCC_DYNAMIC_NO_PIC = NO;
				GCC_NO_COMMON_BLOCKS = YES;
				GCC_OPTIMIZATION_LEVEL = 0;
				GCC_PREPROCESSOR_DEFINITIONS = (
					"DEBUG=1",
					"$(inherited)",
				);
				GCC_WARN_64_TO_32_BIT_CONVERSION = YES;
				GCC_WARN_ABOUT_RETURN_TYPE = YES_ERROR;
				GCC_WARN_UNDECLARED_SELECTOR = YES;
				GCC_WARN_UNINITIALIZED_AUTOS = YES_AGGRESSIVE;
				GCC_WARN_UNUSED_FUNCTION = YES;
				GCC_WARN_UNUSED_VARIABLE = YES;
				IPHONEOS_DEPLOYMENT_TARGET = 16.2;
				MTL_ENABLE_DEBUG_INFO = INCLUDE_SOURCE;
				MTL_FAST_MATH = YES;
				ONLY_ACTIVE_ARCH = YES;
				SDKROOT = iphoneos;
				SWIFT_ACTIVE_COMPILATION_CONDITIONS = DEBUG;
				SWIFT_OPTIMIZATION_LEVEL = "-Onone";
			};
			name = Debug;
		};
		B4D0CD9229769472002F4A50 /* Release */ = {
			isa = XCBuildConfiguration;
			buildSettings = {
				ALWAYS_SEARCH_USER_PATHS = NO;
				CLANG_ANALYZER_NONNULL = YES;
				CLANG_ANALYZER_NUMBER_OBJECT_CONVERSION = YES_AGGRESSIVE;
				CLANG_CXX_LANGUAGE_STANDARD = "gnu++20";
				CLANG_ENABLE_MODULES = YES;
				CLANG_ENABLE_OBJC_ARC = YES;
				CLANG_ENABLE_OBJC_WEAK = YES;
				CLANG_WARN_BLOCK_CAPTURE_AUTORELEASING = YES;
				CLANG_WARN_BOOL_CONVERSION = YES;
				CLANG_WARN_COMMA = YES;
				CLANG_WARN_CONSTANT_CONVERSION = YES;
				CLANG_WARN_DEPRECATED_OBJC_IMPLEMENTATIONS = YES;
				CLANG_WARN_DIRECT_OBJC_ISA_USAGE = YES_ERROR;
				CLANG_WARN_DOCUMENTATION_COMMENTS = YES;
				CLANG_WARN_EMPTY_BODY = YES;
				CLANG_WARN_ENUM_CONVERSION = YES;
				CLANG_WARN_INFINITE_RECURSION = YES;
				CLANG_WARN_INT_CONVERSION = YES;
				CLANG_WARN_NON_LITERAL_NULL_CONVERSION = YES;
				CLANG_WARN_OBJC_IMPLICIT_RETAIN_SELF = YES;
				CLANG_WARN_OBJC_LITERAL_CONVERSION = YES;
				CLANG_WARN_OBJC_ROOT_CLASS = YES_ERROR;
				CLANG_WARN_QUOTED_INCLUDE_IN_FRAMEWORK_HEADER = YES;
				CLANG_WARN_RANGE_LOOP_ANALYSIS = YES;
				CLANG_WARN_STRICT_PROTOTYPES = YES;
				CLANG_WARN_SUSPICIOUS_MOVE = YES;
				CLANG_WARN_UNGUARDED_AVAILABILITY = YES_AGGRESSIVE;
				CLANG_WARN_UNREACHABLE_CODE = YES;
				CLANG_WARN__DUPLICATE_METHOD_MATCH = YES;
				COPY_PHASE_STRIP = NO;
				DEBUG_INFORMATION_FORMAT = "dwarf-with-dsym";
				ENABLE_NS_ASSERTIONS = NO;
				ENABLE_STRICT_OBJC_MSGSEND = YES;
				GCC_C_LANGUAGE_STANDARD = gnu11;
				GCC_NO_COMMON_BLOCKS = YES;
				GCC_WARN_64_TO_32_BIT_CONVERSION = YES;
				GCC_WARN_ABOUT_RETURN_TYPE = YES_ERROR;
				GCC_WARN_UNDECLARED_SELECTOR = YES;
				GCC_WARN_UNINITIALIZED_AUTOS = YES_AGGRESSIVE;
				GCC_WARN_UNUSED_FUNCTION = YES;
				GCC_WARN_UNUSED_VARIABLE = YES;
				IPHONEOS_DEPLOYMENT_TARGET = 16.2;
				MTL_ENABLE_DEBUG_INFO = NO;
				MTL_FAST_MATH = YES;
				SDKROOT = iphoneos;
				SWIFT_COMPILATION_MODE = wholemodule;
				SWIFT_OPTIMIZATION_LEVEL = "-O";
				VALIDATE_PRODUCT = YES;
			};
			name = Release;
		};
		B4D0CD9429769472002F4A50 /* Debug */ = {
			isa = XCBuildConfiguration;
			buildSettings = {
				ASSETCATALOG_COMPILER_APPICON_NAME = AppIcon;
				ASSETCATALOG_COMPILER_GLOBAL_ACCENT_COLOR_NAME = AccentColor;
				CODE_SIGN_STYLE = Automatic;
				CURRENT_PROJECT_VERSION = 1;
				GENERATE_INFOPLIST_FILE = YES;
				INFOPLIST_FILE = StoreBFA/Info.plist;
				INFOPLIST_KEY_UIApplicationSupportsIndirectInputEvents = YES;
				INFOPLIST_KEY_UILaunchStoryboardName = LaunchScreen;
				INFOPLIST_KEY_UIMainStoryboardFile = Main;
				INFOPLIST_KEY_UISupportedInterfaceOrientations_iPad = "UIInterfaceOrientationPortrait UIInterfaceOrientationPortraitUpsideDown UIInterfaceOrientationLandscapeLeft UIInterfaceOrientationLandscapeRight";
				INFOPLIST_KEY_UISupportedInterfaceOrientations_iPhone = "UIInterfaceOrientationPortrait UIInterfaceOrientationLandscapeLeft UIInterfaceOrientationLandscapeRight";
				LD_RUNPATH_SEARCH_PATHS = (
					"$(inherited)",
					"@executable_path/Frameworks",
				);
				MARKETING_VERSION = 1.0;
				PRODUCT_BUNDLE_IDENTIFIER = com.projectsv.StoreBFA;
				PRODUCT_NAME = "$(TARGET_NAME)";
				SWIFT_EMIT_LOC_STRINGS = YES;
				SWIFT_VERSION = 5.0;
				TARGETED_DEVICE_FAMILY = "1,2";
			};
			name = Debug;
		};
		B4D0CD9529769472002F4A50 /* Release */ = {
			isa = XCBuildConfiguration;
			buildSettings = {
				ASSETCATALOG_COMPILER_APPICON_NAME = AppIcon;
				ASSETCATALOG_COMPILER_GLOBAL_ACCENT_COLOR_NAME = AccentColor;
				CODE_SIGN_STYLE = Automatic;
				CURRENT_PROJECT_VERSION = 1;
				GENERATE_INFOPLIST_FILE = YES;
				INFOPLIST_FILE = StoreBFA/Info.plist;
				INFOPLIST_KEY_UIApplicationSupportsIndirectInputEvents = YES;
				INFOPLIST_KEY_UILaunchStoryboardName = LaunchScreen;
				INFOPLIST_KEY_UIMainStoryboardFile = Main;
				INFOPLIST_KEY_UISupportedInterfaceOrientations_iPad = "UIInterfaceOrientationPortrait UIInterfaceOrientationPortraitUpsideDown UIInterfaceOrientationLandscapeLeft UIInterfaceOrientationLandscapeRight";
				INFOPLIST_KEY_UISupportedInterfaceOrientations_iPhone = "UIInterfaceOrientationPortrait UIInterfaceOrientationLandscapeLeft UIInterfaceOrientationLandscapeRight";
				LD_RUNPATH_SEARCH_PATHS = (
					"$(inherited)",
					"@executable_path/Frameworks",
				);
				MARKETING_VERSION = 1.0;
				PRODUCT_BUNDLE_IDENTIFIER = com.projectsv.StoreBFA;
				PRODUCT_NAME = "$(TARGET_NAME)";
				SWIFT_EMIT_LOC_STRINGS = YES;
				SWIFT_VERSION = 5.0;
				TARGETED_DEVICE_FAMILY = "1,2";
			};
			name = Release;
		};
		B4D0CD9729769472002F4A50 /* Debug */ = {
			isa = XCBuildConfiguration;
			buildSettings = {
				ALWAYS_EMBED_SWIFT_STANDARD_LIBRARIES = YES;
				BUNDLE_LOADER = "$(TEST_HOST)";
				CODE_SIGN_STYLE = Automatic;
				CURRENT_PROJECT_VERSION = 1;
				GENERATE_INFOPLIST_FILE = YES;
				IPHONEOS_DEPLOYMENT_TARGET = 16.2;
				MARKETING_VERSION = 1.0;
				PRODUCT_BUNDLE_IDENTIFIER = com.projectsv.StoreBFATests;
				PRODUCT_NAME = "$(TARGET_NAME)";
				SWIFT_EMIT_LOC_STRINGS = NO;
				SWIFT_VERSION = 5.0;
				TARGETED_DEVICE_FAMILY = "1,2";
				TEST_HOST = "$(BUILT_PRODUCTS_DIR)/StoreBFA.app/$(BUNDLE_EXECUTABLE_FOLDER_PATH)/StoreBFA";
			};
			name = Debug;
		};
		B4D0CD9829769472002F4A50 /* Release */ = {
			isa = XCBuildConfiguration;
			buildSettings = {
				ALWAYS_EMBED_SWIFT_STANDARD_LIBRARIES = YES;
				BUNDLE_LOADER = "$(TEST_HOST)";
				CODE_SIGN_STYLE = Automatic;
				CURRENT_PROJECT_VERSION = 1;
				GENERATE_INFOPLIST_FILE = YES;
				IPHONEOS_DEPLOYMENT_TARGET = 16.2;
				MARKETING_VERSION = 1.0;
				PRODUCT_BUNDLE_IDENTIFIER = com.projectsv.StoreBFATests;
				PRODUCT_NAME = "$(TARGET_NAME)";
				SWIFT_EMIT_LOC_STRINGS = NO;
				SWIFT_VERSION = 5.0;
				TARGETED_DEVICE_FAMILY = "1,2";
				TEST_HOST = "$(BUILT_PRODUCTS_DIR)/StoreBFA.app/$(BUNDLE_EXECUTABLE_FOLDER_PATH)/StoreBFA";
			};
			name = Release;
		};
		B4D0CD9A29769472002F4A50 /* Debug */ = {
			isa = XCBuildConfiguration;
			buildSettings = {
				ALWAYS_EMBED_SWIFT_STANDARD_LIBRARIES = YES;
				CODE_SIGN_STYLE = Automatic;
				CURRENT_PROJECT_VERSION = 1;
				GENERATE_INFOPLIST_FILE = YES;
				MARKETING_VERSION = 1.0;
				PRODUCT_BUNDLE_IDENTIFIER = com.projectsv.StoreBFAUITests;
				PRODUCT_NAME = "$(TARGET_NAME)";
				SWIFT_EMIT_LOC_STRINGS = NO;
				SWIFT_VERSION = 5.0;
				TARGETED_DEVICE_FAMILY = "1,2";
				TEST_TARGET_NAME = StoreBFA;
			};
			name = Debug;
		};
		B4D0CD9B29769472002F4A50 /* Release */ = {
			isa = XCBuildConfiguration;
			buildSettings = {
				ALWAYS_EMBED_SWIFT_STANDARD_LIBRARIES = YES;
				CODE_SIGN_STYLE = Automatic;
				CURRENT_PROJECT_VERSION = 1;
				GENERATE_INFOPLIST_FILE = YES;
				MARKETING_VERSION = 1.0;
				PRODUCT_BUNDLE_IDENTIFIER = com.projectsv.StoreBFAUITests;
				PRODUCT_NAME = "$(TARGET_NAME)";
				SWIFT_EMIT_LOC_STRINGS = NO;
				SWIFT_VERSION = 5.0;
				TARGETED_DEVICE_FAMILY = "1,2";
				TEST_TARGET_NAME = StoreBFA;
			};
			name = Release;
		};
/* End XCBuildConfiguration section */

/* Begin XCConfigurationList section */
		B4D0CD6429769471002F4A50 /* Build configuration list for PBXProject "StoreBFA" */ = {
			isa = XCConfigurationList;
			buildConfigurations = (
				B4D0CD9129769472002F4A50 /* Debug */,
				B4D0CD9229769472002F4A50 /* Release */,
			);
			defaultConfigurationIsVisible = 0;
			defaultConfigurationName = Release;
		};
		B4D0CD9329769472002F4A50 /* Build configuration list for PBXNativeTarget "StoreBFA" */ = {
			isa = XCConfigurationList;
			buildConfigurations = (
				B4D0CD9429769472002F4A50 /* Debug */,
				B4D0CD9529769472002F4A50 /* Release */,
			);
			defaultConfigurationIsVisible = 0;
			defaultConfigurationName = Release;
		};
		B4D0CD9629769472002F4A50 /* Build configuration list for PBXNativeTarget "StoreBFATests" */ = {
			isa = XCConfigurationList;
			buildConfigurations = (
				B4D0CD9729769472002F4A50 /* Debug */,
				B4D0CD9829769472002F4A50 /* Release */,
			);
			defaultConfigurationIsVisible = 0;
			defaultConfigurationName = Release;
		};
		B4D0CD9929769472002F4A50 /* Build configuration list for PBXNativeTarget "StoreBFAUITests" */ = {
			isa = XCConfigurationList;
			buildConfigurations = (
				B4D0CD9A29769472002F4A50 /* Debug */,
				B4D0CD9B29769472002F4A50 /* Release */,
			);
			defaultConfigurationIsVisible = 0;
			defaultConfigurationName = Release;
		};
/* End XCConfigurationList section */
	};
	rootObject = B4D0CD6129769471002F4A50 /* Project object */;
}
