// !$*UTF8*$!
{
	archiveVersion = 1;
	classes = {
	};
	objectVersion = 56;
	objects = {

/* Begin PBXBuildFile section */
		999DD073486C351370E556BF /* Pods_StoreBFA_StoreBFAUITests.framework in Frameworks */ = {isa = PBXBuildFile; fileRef = 71D5660C8DE211FEDF709B24 /* Pods_StoreBFA_StoreBFAUITests.framework */; };
		B4541A802976DEED00C02A1A /* ItemsTableViewController.swift in Sources */ = {isa = PBXBuildFile; fileRef = B4541A7F2976DEED00C02A1A /* ItemsTableViewController.swift */; };
		B4541A822976E01200C02A1A /* Item.swift in Sources */ = {isa = PBXBuildFile; fileRef = B4541A812976E01200C02A1A /* Item.swift */; };
		B45D2BB729772D6C0011698C /* ItemTableViewCell.swift in Sources */ = {isa = PBXBuildFile; fileRef = B45D2BB629772D6C0011698C /* ItemTableViewCell.swift */; };
		B45D2BB9297731F30011698C /* HelperFunctions.swift in Sources */ = {isa = PBXBuildFile; fileRef = B45D2BB8297731F30011698C /* HelperFunctions.swift */; };
		B45D2BBB297738FA0011698C /* ItemViewController.swift in Sources */ = {isa = PBXBuildFile; fileRef = B45D2BBA297738FA0011698C /* ItemViewController.swift */; };
		B45D2BBD29773DBB0011698C /* ImageCollectionViewCell.swift in Sources */ = {isa = PBXBuildFile; fileRef = B45D2BBC29773DBB0011698C /* ImageCollectionViewCell.swift */; };
		B483601E2976F28F00577B31 /* AddItemViewController.swift in Sources */ = {isa = PBXBuildFile; fileRef = B483601D2976F28F00577B31 /* AddItemViewController.swift */; };
		B4836020297702F500577B31 /* Richability.swift in Sources */ = {isa = PBXBuildFile; fileRef = B483601F297702F500577B31 /* Richability.swift */; };
		B48360222977035800577B31 /* Downloader.swift in Sources */ = {isa = PBXBuildFile; fileRef = B48360212977035800577B31 /* Downloader.swift */; };
		B4A94F0C2977B41B007B4A95 /* Basket.swift in Sources */ = {isa = PBXBuildFile; fileRef = B4A94F0B2977B41B007B4A95 /* Basket.swift */; };
		B4A94F0E2977CA54007B4A95 /* BasketViewController.swift in Sources */ = {isa = PBXBuildFile; fileRef = B4A94F0D2977CA53007B4A95 /* BasketViewController.swift */; };
		B4D0CD6D29769471002F4A50 /* AppDelegate.swift in Sources */ = {isa = PBXBuildFile; fileRef = B4D0CD6C29769471002F4A50 /* AppDelegate.swift */; };
		B4D0CD6F29769471002F4A50 /* SceneDelegate.swift in Sources */ = {isa = PBXBuildFile; fileRef = B4D0CD6E29769471002F4A50 /* SceneDelegate.swift */; };
		B4D0CD7429769471002F4A50 /* Main.storyboard in Resources */ = {isa = PBXBuildFile; fileRef = B4D0CD7229769471002F4A50 /* Main.storyboard */; };
		B4D0CD7629769472002F4A50 /* Assets.xcassets in Resources */ = {isa = PBXBuildFile; fileRef = B4D0CD7529769472002F4A50 /* Assets.xcassets */; };
		B4D0CD7929769472002F4A50 /* LaunchScreen.storyboard in Resources */ = {isa = PBXBuildFile; fileRef = B4D0CD7729769472002F4A50 /* LaunchScreen.storyboard */; };
		B4D0CD8429769472002F4A50 /* StoreBFATests.swift in Sources */ = {isa = PBXBuildFile; fileRef = B4D0CD8329769472002F4A50 /* StoreBFATests.swift */; };
		B4D0CD8E29769472002F4A50 /* StoreBFAUITests.swift in Sources */ = {isa = PBXBuildFile; fileRef = B4D0CD8D29769472002F4A50 /* StoreBFAUITests.swift */; };
		B4D0CD9029769472002F4A50 /* StoreBFAUITestsLaunchTests.swift in Sources */ = {isa = PBXBuildFile; fileRef = B4D0CD8F29769472002F4A50 /* StoreBFAUITestsLaunchTests.swift */; };
		B4D0CD9D297694D7002F4A50 /* GoogleService-Info.plist in Resources */ = {isa = PBXBuildFile; fileRef = B4D0CD9C297694D7002F4A50 /* GoogleService-Info.plist */; };
		B4D0CDA02976959A002F4A50 /* FirebaseAnalytics in Frameworks */ = {isa = PBXBuildFile; productRef = B4D0CD9F2976959A002F4A50 /* FirebaseAnalytics */; };
		B4D0CDA22976959B002F4A50 /* FirebaseAuth in Frameworks */ = {isa = PBXBuildFile; productRef = B4D0CDA12976959A002F4A50 /* FirebaseAuth */; };
		B4D0CDA42976959B002F4A50 /* FirebaseDatabase in Frameworks */ = {isa = PBXBuildFile; productRef = B4D0CDA32976959B002F4A50 /* FirebaseDatabase */; };
		B4D0CDA62976959B002F4A50 /* FirebaseFirestore in Frameworks */ = {isa = PBXBuildFile; productRef = B4D0CDA52976959B002F4A50 /* FirebaseFirestore */; };
		B4D0CDA82976959B002F4A50 /* FirebaseStorage in Frameworks */ = {isa = PBXBuildFile; productRef = B4D0CDA72976959B002F4A50 /* FirebaseStorage */; };
		B4D0CDAA29769755002F4A50 /* CategoryCollectionViewController.swift in Sources */ = {isa = PBXBuildFile; fileRef = B4D0CDA929769755002F4A50 /* CategoryCollectionViewController.swift */; };
		B4D0CDAC297697D5002F4A50 /* CategoryCollectionViewCell.swift in Sources */ = {isa = PBXBuildFile; fileRef = B4D0CDAB297697D5002F4A50 /* CategoryCollectionViewCell.swift */; };
		B4D0CDAE297698F4002F4A50 /* FirebaseCollectionReference.swift in Sources */ = {isa = PBXBuildFile; fileRef = B4D0CDAD297698F4002F4A50 /* FirebaseCollectionReference.swift */; };
		B4D0CDB3297699BC002F4A50 /* Category.swift in Sources */ = {isa = PBXBuildFile; fileRef = B4D0CDB2297699BC002F4A50 /* Category.swift */; };
		B4D0CDB6297699FF002F4A50 /* Constants.swift in Sources */ = {isa = PBXBuildFile; fileRef = B4D0CDB5297699FF002F4A50 /* Constants.swift */; };
		C27A4F04803EEF14A9517E19 /* Pods_StoreBFA.framework in Frameworks */ = {isa = PBXBuildFile; fileRef = F0D483420FF5CF4A06CCAE66 /* Pods_StoreBFA.framework */; };
		F5ED516C3DC9AA7C7A7E52A9 /* Pods_StoreBFATests.framework in Frameworks */ = {isa = PBXBuildFile; fileRef = FEF300E9B43C8F9381C77F98 /* Pods_StoreBFATests.framework */; };
/* End PBXBuildFile section */

/* Begin PBXContainerItemProxy section */
		B4D0CD8029769472002F4A50 /* PBXContainerItemProxy */ = {
			isa = PBXContainerItemProxy;
			containerPortal = B4D0CD6129769471002F4A50 /* Project object */;
			proxyType = 1;
			remoteGlobalIDString = B4D0CD6829769471002F4A50;
			remoteInfo = StoreBFA;
		};
		B4D0CD8A29769472002F4A50 /* PBXContainerItemProxy */ = {
			isa = PBXContainerItemProxy;
			containerPortal = B4D0CD6129769471002F4A50 /* Project object */;
			proxyType = 1;
			remoteGlobalIDString = B4D0CD6829769471002F4A50;
			remoteInfo = StoreBFA;
		};
/* End PBXContainerItemProxy section */

/* Begin PBXFileReference section */
		251FE43E18EDB3DCC881C1D6 /* Pods-StoreBFATests.release.xcconfig */ = {isa = PBXFileReference; includeInIndex = 1; lastKnownFileType = text.xcconfig; name = "Pods-StoreBFATests.release.xcconfig"; path = "Target Support Files/Pods-StoreBFATests/Pods-StoreBFATests.release.xcconfig"; sourceTree = "<group>"; };
		3ECE95AFE53E05D26BB7BAEF /* Pods-StoreBFA-StoreBFAUITests.debug.xcconfig */ = {isa = PBXFileReference; includeInIndex = 1; lastKnownFileType = text.xcconfig; name = "Pods-StoreBFA-StoreBFAUITests.debug.xcconfig"; path = "Target Support Files/Pods-StoreBFA-StoreBFAUITests/Pods-StoreBFA-StoreBFAUITests.debug.xcconfig"; sourceTree = "<group>"; };
		63BB11BB1CA3ACAB1A6767BA /* Pods-StoreBFA.release.xcconfig */ = {isa = PBXFileReference; includeInIndex = 1; lastKnownFileType = text.xcconfig; name = "Pods-StoreBFA.release.xcconfig"; path = "Target Support Files/Pods-StoreBFA/Pods-StoreBFA.release.xcconfig"; sourceTree = "<group>"; };
		71D5660C8DE211FEDF709B24 /* Pods_StoreBFA_StoreBFAUITests.framework */ = {isa = PBXFileReference; explicitFileType = wrapper.framework; includeInIndex = 0; path = Pods_StoreBFA_StoreBFAUITests.framework; sourceTree = BUILT_PRODUCTS_DIR; };
		B4541A7F2976DEED00C02A1A /* ItemsTableViewController.swift */ = {isa = PBXFileReference; lastKnownFileType = sourcecode.swift; path = ItemsTableViewController.swift; sourceTree = "<group>"; };
		B4541A812976E01200C02A1A /* Item.swift */ = {isa = PBXFileReference; lastKnownFileType = sourcecode.swift; path = Item.swift; sourceTree = "<group>"; };
		B45D2BB629772D6C0011698C /* ItemTableViewCell.swift */ = {isa = PBXFileReference; lastKnownFileType = sourcecode.swift; path = ItemTableViewCell.swift; sourceTree = "<group>"; };
		B45D2BB8297731F30011698C /* HelperFunctions.swift */ = {isa = PBXFileReference; lastKnownFileType = sourcecode.swift; path = HelperFunctions.swift; sourceTree = "<group>"; };
		B45D2BBA297738FA0011698C /* ItemViewController.swift */ = {isa = PBXFileReference; lastKnownFileType = sourcecode.swift; path = ItemViewController.swift; sourceTree = "<group>"; };
		B45D2BBC29773DBB0011698C /* ImageCollectionViewCell.swift */ = {isa = PBXFileReference; lastKnownFileType = sourcecode.swift; path = ImageCollectionViewCell.swift; sourceTree = "<group>"; };
		B483601D2976F28F00577B31 /* AddItemViewController.swift */ = {isa = PBXFileReference; lastKnownFileType = sourcecode.swift; path = AddItemViewController.swift; sourceTree = "<group>"; };
		B483601F297702F500577B31 /* Richability.swift */ = {isa = PBXFileReference; lastKnownFileType = sourcecode.swift; path = Richability.swift; sourceTree = "<group>"; };
		B48360212977035800577B31 /* Downloader.swift */ = {isa = PBXFileReference; lastKnownFileType = sourcecode.swift; path = Downloader.swift; sourceTree = "<group>"; };
		B4A94F0B2977B41B007B4A95 /* Basket.swift */ = {isa = PBXFileReference; lastKnownFileType = sourcecode.swift; path = Basket.swift; sourceTree = "<group>"; };
		B4A94F0D2977CA53007B4A95 /* BasketViewController.swift */ = {isa = PBXFileReference; lastKnownFileType = sourcecode.swift; path = BasketViewController.swift; sourceTree = "<group>"; };
		B4D0CD6929769471002F4A50 /* StoreBFA.app */ = {isa = PBXFileReference; explicitFileType = wrapper.application; includeInIndex = 0; path = StoreBFA.app; sourceTree = BUILT_PRODUCTS_DIR; };
		B4D0CD6C29769471002F4A50 /* AppDelegate.swift */ = {isa = PBXFileReference; lastKnownFileType = sourcecode.swift; path = AppDelegate.swift; sourceTree = "<group>"; };
		B4D0CD6E29769471002F4A50 /* SceneDelegate.swift */ = {isa = PBXFileReference; lastKnownFileType = sourcecode.swift; path = SceneDelegate.swift; sourceTree = "<group>"; };
		B4D0CD7329769471002F4A50 /* Base */ = {isa = PBXFileReference; lastKnownFileType = file.storyboard; name = Base; path = Base.lproj/Main.storyboard; sourceTree = "<group>"; };
		B4D0CD7529769472002F4A50 /* Assets.xcassets */ = {isa = PBXFileReference; lastKnownFileType = folder.assetcatalog; path = Assets.xcassets; sourceTree = "<group>"; };
		B4D0CD7829769472002F4A50 /* Base */ = {isa = PBXFileReference; lastKnownFileType = file.storyboard; name = Base; path = Base.lproj/LaunchScreen.storyboard; sourceTree = "<group>"; };
		B4D0CD7A29769472002F4A50 /* Info.plist */ = {isa = PBXFileReference; lastKnownFileType = text.plist.xml; path = Info.plist; sourceTree = "<group>"; };
		B4D0CD7F29769472002F4A50 /* StoreBFATests.xctest */ = {isa = PBXFileReference; explicitFileType = wrapper.cfbundle; includeInIndex = 0; path = StoreBFATests.xctest; sourceTree = BUILT_PRODUCTS_DIR; };
		B4D0CD8329769472002F4A50 /* StoreBFATests.swift */ = {isa = PBXFileReference; lastKnownFileType = sourcecode.swift; path = StoreBFATests.swift; sourceTree = "<group>"; };
		B4D0CD8929769472002F4A50 /* StoreBFAUITests.xctest */ = {isa = PBXFileReference; explicitFileType = wrapper.cfbundle; includeInIndex = 0; path = StoreBFAUITests.xctest; sourceTree = BUILT_PRODUCTS_DIR; };
		B4D0CD8D29769472002F4A50 /* StoreBFAUITests.swift */ = {isa = PBXFileReference; lastKnownFileType = sourcecode.swift; path = StoreBFAUITests.swift; sourceTree = "<group>"; };
		B4D0CD8F29769472002F4A50 /* StoreBFAUITestsLaunchTests.swift */ = {isa = PBXFileReference; lastKnownFileType = sourcecode.swift; path = StoreBFAUITestsLaunchTests.swift; sourceTree = "<group>"; };
		B4D0CD9C297694D7002F4A50 /* GoogleService-Info.plist */ = {isa = PBXFileReference; fileEncoding = 4; lastKnownFileType = text.plist.xml; path = "GoogleService-Info.plist"; sourceTree = "<group>"; };
		B4D0CDA929769755002F4A50 /* CategoryCollectionViewController.swift */ = {isa = PBXFileReference; lastKnownFileType = sourcecode.swift; path = CategoryCollectionViewController.swift; sourceTree = "<group>"; };
		B4D0CDAB297697D5002F4A50 /* CategoryCollectionViewCell.swift */ = {isa = PBXFileReference; lastKnownFileType = sourcecode.swift; path = CategoryCollectionViewCell.swift; sourceTree = "<group>"; };
		B4D0CDAD297698F4002F4A50 /* FirebaseCollectionReference.swift */ = {isa = PBXFileReference; lastKnownFileType = sourcecode.swift; path = FirebaseCollectionReference.swift; sourceTree = "<group>"; };
		B4D0CDB2297699BC002F4A50 /* Category.swift */ = {isa = PBXFileReference; lastKnownFileType = sourcecode.swift; path = Category.swift; sourceTree = "<group>"; };
		B4D0CDB5297699FF002F4A50 /* Constants.swift */ = {isa = PBXFileReference; lastKnownFileType = sourcecode.swift; path = Constants.swift; sourceTree = "<group>"; };
		DA74F178B2B766717B248021 /* Pods-StoreBFA-StoreBFAUITests.release.xcconfig */ = {isa = PBXFileReference; includeInIndex = 1; lastKnownFileType = text.xcconfig; name = "Pods-StoreBFA-StoreBFAUITests.release.xcconfig"; path = "Target Support Files/Pods-StoreBFA-StoreBFAUITests/Pods-StoreBFA-StoreBFAUITests.release.xcconfig"; sourceTree = "<group>"; };
		E6E042D9B42674DE2AEE222D /* Pods-StoreBFA.debug.xcconfig */ = {isa = PBXFileReference; includeInIndex = 1; lastKnownFileType = text.xcconfig; name = "Pods-StoreBFA.debug.xcconfig"; path = "Target Support Files/Pods-StoreBFA/Pods-StoreBFA.debug.xcconfig"; sourceTree = "<group>"; };
		F0D483420FF5CF4A06CCAE66 /* Pods_StoreBFA.framework */ = {isa = PBXFileReference; explicitFileType = wrapper.framework; includeInIndex = 0; path = Pods_StoreBFA.framework; sourceTree = BUILT_PRODUCTS_DIR; };
		FB606F80506725F87CA51F7B /* Pods-StoreBFATests.debug.xcconfig */ = {isa = PBXFileReference; includeInIndex = 1; lastKnownFileType = text.xcconfig; name = "Pods-StoreBFATests.debug.xcconfig"; path = "Target Support Files/Pods-StoreBFATests/Pods-StoreBFATests.debug.xcconfig"; sourceTree = "<group>"; };
		FEF300E9B43C8F9381C77F98 /* Pods_StoreBFATests.framework */ = {isa = PBXFileReference; explicitFileType = wrapper.framework; includeInIndex = 0; path = Pods_StoreBFATests.framework; sourceTree = BUILT_PRODUCTS_DIR; };
/* End PBXFileReference section */

/* Begin PBXFrameworksBuildPhase section */
		B4D0CD6629769471002F4A50 /* Frameworks */ = {
			isa = PBXFrameworksBuildPhase;
			buildActionMask = 2147483647;
			files = (
				B4D0CDA42976959B002F4A50 /* FirebaseDatabase in Frameworks */,
				B4D0CDA62976959B002F4A50 /* FirebaseFirestore in Frameworks */,
				B4D0CDA02976959A002F4A50 /* FirebaseAnalytics in Frameworks */,
				B4D0CDA82976959B002F4A50 /* FirebaseStorage in Frameworks */,
				B4D0CDA22976959B002F4A50 /* FirebaseAuth in Frameworks */,
				C27A4F04803EEF14A9517E19 /* Pods_StoreBFA.framework in Frameworks */,
			);
			runOnlyForDeploymentPostprocessing = 0;
		};
		B4D0CD7C29769472002F4A50 /* Frameworks */ = {
			isa = PBXFrameworksBuildPhase;
			buildActionMask = 2147483647;
			files = (
				F5ED516C3DC9AA7C7A7E52A9 /* Pods_StoreBFATests.framework in Frameworks */,
			);
			runOnlyForDeploymentPostprocessing = 0;
		};
		B4D0CD8629769472002F4A50 /* Frameworks */ = {
			isa = PBXFrameworksBuildPhase;
			buildActionMask = 2147483647;
			files = (
				999DD073486C351370E556BF /* Pods_StoreBFA_StoreBFAUITests.framework in Frameworks */,
			);
			runOnlyForDeploymentPostprocessing = 0;
		};
/* End PBXFrameworksBuildPhase section */

/* Begin PBXGroup section */
		7A1EACD85332792C070EFD0E /* Frameworks */ = {
			isa = PBXGroup;
			children = (
				F0D483420FF5CF4A06CCAE66 /* Pods_StoreBFA.framework */,
				71D5660C8DE211FEDF709B24 /* Pods_StoreBFA_StoreBFAUITests.framework */,
				FEF300E9B43C8F9381C77F98 /* Pods_StoreBFATests.framework */,
			);
			name = Frameworks;
			sourceTree = "<group>";
		};
		81C772F7E75EC3549B601E28 /* Pods */ = {
			isa = PBXGroup;
			children = (
				E6E042D9B42674DE2AEE222D /* Pods-StoreBFA.debug.xcconfig */,
				63BB11BB1CA3ACAB1A6767BA /* Pods-StoreBFA.release.xcconfig */,
				3ECE95AFE53E05D26BB7BAEF /* Pods-StoreBFA-StoreBFAUITests.debug.xcconfig */,
				DA74F178B2B766717B248021 /* Pods-StoreBFA-StoreBFAUITests.release.xcconfig */,
				FB606F80506725F87CA51F7B /* Pods-StoreBFATests.debug.xcconfig */,
				251FE43E18EDB3DCC881C1D6 /* Pods-StoreBFATests.release.xcconfig */,
			);
			path = Pods;
			sourceTree = "<group>";
		};
		B4D0CD6029769471002F4A50 = {
			isa = PBXGroup;
			children = (
				B4D0CD6B29769471002F4A50 /* StoreBFA */,
				B4D0CD8229769472002F4A50 /* StoreBFATests */,
				B4D0CD8C29769472002F4A50 /* StoreBFAUITests */,
				B4D0CD6A29769471002F4A50 /* Products */,
				81C772F7E75EC3549B601E28 /* Pods */,
				7A1EACD85332792C070EFD0E /* Frameworks */,
			);
			sourceTree = "<group>";
		};
		B4D0CD6A29769471002F4A50 /* Products */ = {
			isa = PBXGroup;
			children = (
				B4D0CD6929769471002F4A50 /* StoreBFA.app */,
				B4D0CD7F29769472002F4A50 /* StoreBFATests.xctest */,
				B4D0CD8929769472002F4A50 /* StoreBFAUITests.xctest */,
			);
			name = Products;
			sourceTree = "<group>";
		};
		B4D0CD6B29769471002F4A50 /* StoreBFA */ = {
			isa = PBXGroup;
			children = (
				B4D0CD6C29769471002F4A50 /* AppDelegate.swift */,
				B4D0CD6E29769471002F4A50 /* SceneDelegate.swift */,
				B4D0CDB029769978002F4A50 /* Controllers */,
				B4D0CDB129769995002F4A50 /* Views */,
				B4D0CDB4297699C2002F4A50 /* Models */,
				B4D0CDAF2976995E002F4A50 /* Helpers */,
				B4D0CD7529769472002F4A50 /* Assets.xcassets */,
				B4D0CD7729769472002F4A50 /* LaunchScreen.storyboard */,
				B4D0CD7A29769472002F4A50 /* Info.plist */,
				B4D0CD9C297694D7002F4A50 /* GoogleService-Info.plist */,
			);
			path = StoreBFA;
			sourceTree = "<group>";
		};
		B4D0CD8229769472002F4A50 /* StoreBFATests */ = {
			isa = PBXGroup;
			children = (
				B4D0CD8329769472002F4A50 /* StoreBFATests.swift */,
			);
			path = StoreBFATests;
			sourceTree = "<group>";
		};
		B4D0CD8C29769472002F4A50 /* StoreBFAUITests */ = {
			isa = PBXGroup;
			children = (
				B4D0CD8D29769472002F4A50 /* StoreBFAUITests.swift */,
				B4D0CD8F29769472002F4A50 /* StoreBFAUITestsLaunchTests.swift */,
			);
			path = StoreBFAUITests;
			sourceTree = "<group>";
		};
		B4D0CDAF2976995E002F4A50 /* Helpers */ = {
			isa = PBXGroup;
			children = (
				B4D0CDAD297698F4002F4A50 /* FirebaseCollectionReference.swift */,
				B4D0CDB5297699FF002F4A50 /* Constants.swift */,
				B483601F297702F500577B31 /* Richability.swift */,
				B48360212977035800577B31 /* Downloader.swift */,
				B45D2BB8297731F30011698C /* HelperFunctions.swift */,
			);
			path = Helpers;
			sourceTree = "<group>";
		};
		B4D0CDB029769978002F4A50 /* Controllers */ = {
			isa = PBXGroup;
			children = (
				B4D0CDA929769755002F4A50 /* CategoryCollectionViewController.swift */,
				B4541A7F2976DEED00C02A1A /* ItemsTableViewController.swift */,
				B483601D2976F28F00577B31 /* AddItemViewController.swift */,
				B45D2BBA297738FA0011698C /* ItemViewController.swift */,
				B4A94F0D2977CA53007B4A95 /* BasketViewController.swift */,
			);
			path = Controllers;
			sourceTree = "<group>";
		};
		B4D0CDB129769995002F4A50 /* Views */ = {
			isa = PBXGroup;
			children = (
				B4D0CD7229769471002F4A50 /* Main.storyboard */,
				B4D0CDAB297697D5002F4A50 /* CategoryCollectionViewCell.swift */,
				B45D2BB629772D6C0011698C /* ItemTableViewCell.swift */,
				B45D2BBC29773DBB0011698C /* ImageCollectionViewCell.swift */,
			);
			path = Views;
			sourceTree = "<group>";
		};
		B4D0CDB4297699C2002F4A50 /* Models */ = {
			isa = PBXGroup;
			children = (
				B4D0CDB2297699BC002F4A50 /* Category.swift */,
				B4541A812976E01200C02A1A /* Item.swift */,
				B4A94F0B2977B41B007B4A95 /* Basket.swift */,
			);
			path = Models;
			sourceTree = "<group>";
		};
/* End PBXGroup section */

/* Begin PBXNativeTarget section */
		B4D0CD6829769471002F4A50 /* StoreBFA */ = {
			isa = PBXNativeTarget;
			buildConfigurationList = B4D0CD9329769472002F4A50 /* Build configuration list for PBXNativeTarget "StoreBFA" */;
			buildPhases = (
				6BE7CD647D3EFC9DF7486B4E /* [CP] Check Pods Manifest.lock */,
				B4D0CD6529769471002F4A50 /* Sources */,
				B4D0CD6629769471002F4A50 /* Frameworks */,
				B4D0CD6729769471002F4A50 /* Resources */,
				991A070954C3D55572CA6D5B /* [CP] Embed Pods Frameworks */,
			);
			buildRules = (
			);
			dependencies = (
			);
			name = StoreBFA;
			packageProductDependencies = (
				B4D0CD9F2976959A002F4A50 /* FirebaseAnalytics */,
				B4D0CDA12976959A002F4A50 /* FirebaseAuth */,
				B4D0CDA32976959B002F4A50 /* FirebaseDatabase */,
				B4D0CDA52976959B002F4A50 /* FirebaseFirestore */,
				B4D0CDA72976959B002F4A50 /* FirebaseStorage */,
			);
			productName = StoreBFA;
			productReference = B4D0CD6929769471002F4A50 /* StoreBFA.app */;
			productType = "com.apple.product-type.application";
		};
		B4D0CD7E29769472002F4A50 /* StoreBFATests */ = {
			isa = PBXNativeTarget;
			buildConfigurationList = B4D0CD9629769472002F4A50 /* Build configuration list for PBXNativeTarget "StoreBFATests" */;
			buildPhases = (
				6AAEA7145BD5258A9359DC3A /* [CP] Check Pods Manifest.lock */,
				B4D0CD7B29769472002F4A50 /* Sources */,
				B4D0CD7C29769472002F4A50 /* Frameworks */,
				B4D0CD7D29769472002F4A50 /* Resources */,
			);
			buildRules = (
			);
			dependencies = (
				B4D0CD8129769472002F4A50 /* PBXTargetDependency */,
			);
			name = StoreBFATests;
			productName = StoreBFATests;
			productReference = B4D0CD7F29769472002F4A50 /* StoreBFATests.xctest */;
			productType = "com.apple.product-type.bundle.unit-test";
		};
		B4D0CD8829769472002F4A50 /* StoreBFAUITests */ = {
			isa = PBXNativeTarget;
			buildConfigurationList = B4D0CD9929769472002F4A50 /* Build configuration list for PBXNativeTarget "StoreBFAUITests" */;
			buildPhases = (
				CC4F4CF4838A2AC309BF93B7 /* [CP] Check Pods Manifest.lock */,
				B4D0CD8529769472002F4A50 /* Sources */,
				B4D0CD8629769472002F4A50 /* Frameworks */,
				B4D0CD8729769472002F4A50 /* Resources */,
				F325EA07F4519DE0C929F86E /* [CP] Embed Pods Frameworks */,
			);
			buildRules = (
			);
			dependencies = (
				B4D0CD8B29769472002F4A50 /* PBXTargetDependency */,
			);
			name = StoreBFAUITests;
			productName = StoreBFAUITests;
			productReference = B4D0CD8929769472002F4A50 /* StoreBFAUITests.xctest */;
			productType = "com.apple.product-type.bundle.ui-testing";
		};
/* End PBXNativeTarget section */

/* Begin PBXProject section */
		B4D0CD6129769471002F4A50 /* Project object */ = {
			isa = PBXProject;
			attributes = {
				BuildIndependentTargetsInParallel = 1;
				LastSwiftUpdateCheck = 1420;
				LastUpgradeCheck = 1420;
				TargetAttributes = {
					B4D0CD6829769471002F4A50 = {
						CreatedOnToolsVersion = 14.2;
					};
					B4D0CD7E29769472002F4A50 = {
						CreatedOnToolsVersion = 14.2;
						TestTargetID = B4D0CD6829769471002F4A50;
					};
					B4D0CD8829769472002F4A50 = {
						CreatedOnToolsVersion = 14.2;
						TestTargetID = B4D0CD6829769471002F4A50;
					};
				};
			};
			buildConfigurationList = B4D0CD6429769471002F4A50 /* Build configuration list for PBXProject "StoreBFA" */;
			compatibilityVersion = "Xcode 14.0";
			developmentRegion = en;
			hasScannedForEncodings = 0;
			knownRegions = (
				en,
				Base,
			);
			mainGroup = B4D0CD6029769471002F4A50;
			packageReferences = (
				B4D0CD9E2976959A002F4A50 /* XCRemoteSwiftPackageReference "firebase-ios-sdk" */,
			);
			productRefGroup = B4D0CD6A29769471002F4A50 /* Products */;
			projectDirPath = "";
			projectRoot = "";
			targets = (
				B4D0CD6829769471002F4A50 /* StoreBFA */,
				B4D0CD7E29769472002F4A50 /* StoreBFATests */,
				B4D0CD8829769472002F4A50 /* StoreBFAUITests */,
			);
		};
/* End PBXProject section */

/* Begin PBXResourcesBuildPhase section */
		B4D0CD6729769471002F4A50 /* Resources */ = {
			isa = PBXResourcesBuildPhase;
			buildActionMask = 2147483647;
			files = (
				B4D0CD7929769472002F4A50 /* LaunchScreen.storyboard in Resources */,
				B4D0CD9D297694D7002F4A50 /* GoogleService-Info.plist in Resources */,
				B4D0CD7629769472002F4A50 /* Assets.xcassets in Resources */,
				B4D0CD7429769471002F4A50 /* Main.storyboard in Resources */,
			);
			runOnlyForDeploymentPostprocessing = 0;
		};
		B4D0CD7D29769472002F4A50 /* Resources */ = {
			isa = PBXResourcesBuildPhase;
			buildActionMask = 2147483647;
			files = (
			);
			runOnlyForDeploymentPostprocessing = 0;
		};
		B4D0CD8729769472002F4A50 /* Resources */ = {
			isa = PBXResourcesBuildPhase;
			buildActionMask = 2147483647;
			files = (
			);
			runOnlyForDeploymentPostprocessing = 0;
		};
/* End PBXResourcesBuildPhase section */

/* Begin PBXShellScriptBuildPhase section */
		6AAEA7145BD5258A9359DC3A /* [CP] Check Pods Manifest.lock */ = {
			isa = PBXShellScriptBuildPhase;
			buildActionMask = 2147483647;
			files = (
			);
			inputFileListPaths = (
			);
			inputPaths = (
				"${PODS_PODFILE_DIR_PATH}/Podfile.lock",
				"${PODS_ROOT}/Manifest.lock",
			);
			name = "[CP] Check Pods Manifest.lock";
			outputFileListPaths = (
			);
			outputPaths = (
				"$(DERIVED_FILE_DIR)/Pods-StoreBFATests-checkManifestLockResult.txt",
			);
			runOnlyForDeploymentPostprocessing = 0;
			shellPath = /bin/sh;
			shellScript = "diff \"${PODS_PODFILE_DIR_PATH}/Podfile.lock\" \"${PODS_ROOT}/Manifest.lock\" > /dev/null\nif [ $? != 0 ] ; then\n    # print error to STDERR\n    echo \"error: The sandbox is not in sync with the Podfile.lock. Run 'pod install' or update your CocoaPods installation.\" >&2\n    exit 1\nfi\n# This output is used by Xcode 'outputs' to avoid re-running this script phase.\necho \"SUCCESS\" > \"${SCRIPT_OUTPUT_FILE_0}\"\n";
			showEnvVarsInLog = 0;
		};
		6BE7CD647D3EFC9DF7486B4E /* [CP] Check Pods Manifest.lock */ = {
			isa = PBXShellScriptBuildPhase;
			buildActionMask = 2147483647;
			files = (
			);
			inputFileListPaths = (
			);
			inputPaths = (
				"${PODS_PODFILE_DIR_PATH}/Podfile.lock",
				"${PODS_ROOT}/Manifest.lock",
			);
			name = "[CP] Check Pods Manifest.lock";
			outputFileListPaths = (
			);
			outputPaths = (
				"$(DERIVED_FILE_DIR)/Pods-StoreBFA-checkManifestLockResult.txt",
			);
			runOnlyForDeploymentPostprocessing = 0;
			shellPath = /bin/sh;
			shellScript = "diff \"${PODS_PODFILE_DIR_PATH}/Podfile.lock\" \"${PODS_ROOT}/Manifest.lock\" > /dev/null\nif [ $? != 0 ] ; then\n    # print error to STDERR\n    echo \"error: The sandbox is not in sync with the Podfile.lock. Run 'pod install' or update your CocoaPods installation.\" >&2\n    exit 1\nfi\n# This output is used by Xcode 'outputs' to avoid re-running this script phase.\necho \"SUCCESS\" > \"${SCRIPT_OUTPUT_FILE_0}\"\n";
			showEnvVarsInLog = 0;
		};
		991A070954C3D55572CA6D5B /* [CP] Embed Pods Frameworks */ = {
			isa = PBXShellScriptBuildPhase;
			buildActionMask = 2147483647;
			files = (
			);
			inputFileListPaths = (
				"${PODS_ROOT}/Target Support Files/Pods-StoreBFA/Pods-StoreBFA-frameworks-${CONFIGURATION}-input-files.xcfilelist",
			);
			name = "[CP] Embed Pods Frameworks";
			outputFileListPaths = (
				"${PODS_ROOT}/Target Support Files/Pods-StoreBFA/Pods-StoreBFA-frameworks-${CONFIGURATION}-output-files.xcfilelist",
			);
			runOnlyForDeploymentPostprocessing = 0;
			shellPath = /bin/sh;
			shellScript = "\"${PODS_ROOT}/Target Support Files/Pods-StoreBFA/Pods-StoreBFA-frameworks.sh\"\n";
			showEnvVarsInLog = 0;
		};
		CC4F4CF4838A2AC309BF93B7 /* [CP] Check Pods Manifest.lock */ = {
			isa = PBXShellScriptBuildPhase;
			buildActionMask = 2147483647;
			files = (
			);
			inputFileListPaths = (
			);
			inputPaths = (
				"${PODS_PODFILE_DIR_PATH}/Podfile.lock",
				"${PODS_ROOT}/Manifest.lock",
			);
			name = "[CP] Check Pods Manifest.lock";
			outputFileListPaths = (
			);
			outputPaths = (
				"$(DERIVED_FILE_DIR)/Pods-StoreBFA-StoreBFAUITests-checkManifestLockResult.txt",
			);
			runOnlyForDeploymentPostprocessing = 0;
			shellPath = /bin/sh;
			shellScript = "diff \"${PODS_PODFILE_DIR_PATH}/Podfile.lock\" \"${PODS_ROOT}/Manifest.lock\" > /dev/null\nif [ $? != 0 ] ; then\n    # print error to STDERR\n    echo \"error: The sandbox is not in sync with the Podfile.lock. Run 'pod install' or update your CocoaPods installation.\" >&2\n    exit 1\nfi\n# This output is used by Xcode 'outputs' to avoid re-running this script phase.\necho \"SUCCESS\" > \"${SCRIPT_OUTPUT_FILE_0}\"\n";
			showEnvVarsInLog = 0;
		};
		F325EA07F4519DE0C929F86E /* [CP] Embed Pods Frameworks */ = {
			isa = PBXShellScriptBuildPhase;
			buildActionMask = 2147483647;
			files = (
			);
			inputFileListPaths = (
				"${PODS_ROOT}/Target Support Files/Pods-StoreBFA-StoreBFAUITests/Pods-StoreBFA-StoreBFAUITests-frameworks-${CONFIGURATION}-input-files.xcfilelist",
			);
			name = "[CP] Embed Pods Frameworks";
			outputFileListPaths = (
				"${PODS_ROOT}/Target Support Files/Pods-StoreBFA-StoreBFAUITests/Pods-StoreBFA-StoreBFAUITests-frameworks-${CONFIGURATION}-output-files.xcfilelist",
			);
			runOnlyForDeploymentPostprocessing = 0;
			shellPath = /bin/sh;
			shellScript = "\"${PODS_ROOT}/Target Support Files/Pods-StoreBFA-StoreBFAUITests/Pods-StoreBFA-StoreBFAUITests-frameworks.sh\"\n";
			showEnvVarsInLog = 0;
		};
/* End PBXShellScriptBuildPhase section */

/* Begin PBXSourcesBuildPhase section */
		B4D0CD6529769471002F4A50 /* Sources */ = {
			isa = PBXSourcesBuildPhase;
			buildActionMask = 2147483647;
			files = (
				B4A94F0E2977CA54007B4A95 /* BasketViewController.swift in Sources */,
				B4D0CDAE297698F4002F4A50 /* FirebaseCollectionReference.swift in Sources */,
				B4541A822976E01200C02A1A /* Item.swift in Sources */,
				B45D2BBD29773DBB0011698C /* ImageCollectionViewCell.swift in Sources */,
				B45D2BBB297738FA0011698C /* ItemViewController.swift in Sources */,
				B48360222977035800577B31 /* Downloader.swift in Sources */,
				B4D0CDAC297697D5002F4A50 /* CategoryCollectionViewCell.swift in Sources */,
				B4541A802976DEED00C02A1A /* ItemsTableViewController.swift in Sources */,
				B4D0CD6D29769471002F4A50 /* AppDelegate.swift in Sources */,
				B4A94F0C2977B41B007B4A95 /* Basket.swift in Sources */,
				B45D2BB729772D6C0011698C /* ItemTableViewCell.swift in Sources */,
				B45D2BB9297731F30011698C /* HelperFunctions.swift in Sources */,
				B483601E2976F28F00577B31 /* AddItemViewController.swift in Sources */,
				B4D0CDAA29769755002F4A50 /* CategoryCollectionViewController.swift in Sources */,
				B4D0CDB6297699FF002F4A50 /* Constants.swift in Sources */,
				B4836020297702F500577B31 /* Richability.swift in Sources */,
				B4D0CD6F29769471002F4A50 /* SceneDelegate.swift in Sources */,
				B4D0CDB3297699BC002F4A50 /* Category.swift in Sources */,
			);
			runOnlyForDeploymentPostprocessing = 0;
		};
		B4D0CD7B29769472002F4A50 /* Sources */ = {
			isa = PBXSourcesBuildPhase;
			buildActionMask = 2147483647;
			files = (
				B4D0CD8429769472002F4A50 /* StoreBFATests.swift in Sources */,
			);
			runOnlyForDeploymentPostprocessing = 0;
		};
		B4D0CD8529769472002F4A50 /* Sources */ = {
			isa = PBXSourcesBuildPhase;
			buildActionMask = 2147483647;
			files = (
				B4D0CD9029769472002F4A50 /* StoreBFAUITestsLaunchTests.swift in Sources */,
				B4D0CD8E29769472002F4A50 /* StoreBFAUITests.swift in Sources */,
			);
			runOnlyForDeploymentPostprocessing = 0;
		};
/* End PBXSourcesBuildPhase section */

/* Begin PBXTargetDependency section */
		B4D0CD8129769472002F4A50 /* PBXTargetDependency */ = {
			isa = PBXTargetDependency;
			target = B4D0CD6829769471002F4A50 /* StoreBFA */;
			targetProxy = B4D0CD8029769472002F4A50 /* PBXContainerItemProxy */;
		};
		B4D0CD8B29769472002F4A50 /* PBXTargetDependency */ = {
			isa = PBXTargetDependency;
			target = B4D0CD6829769471002F4A50 /* StoreBFA */;
			targetProxy = B4D0CD8A29769472002F4A50 /* PBXContainerItemProxy */;
		};
/* End PBXTargetDependency section */

/* Begin PBXVariantGroup section */
		B4D0CD7229769471002F4A50 /* Main.storyboard */ = {
			isa = PBXVariantGroup;
			children = (
				B4D0CD7329769471002F4A50 /* Base */,
			);
			name = Main.storyboard;
			sourceTree = "<group>";
		};
		B4D0CD7729769472002F4A50 /* LaunchScreen.storyboard */ = {
			isa = PBXVariantGroup;
			children = (
				B4D0CD7829769472002F4A50 /* Base */,
			);
			name = LaunchScreen.storyboard;
			sourceTree = "<group>";
		};
/* End PBXVariantGroup section */

/* Begin XCBuildConfiguration section */
		B4D0CD9129769472002F4A50 /* Debug */ = {
			isa = XCBuildConfiguration;
			buildSettings = {
				ALWAYS_SEARCH_USER_PATHS = NO;
				CLANG_ANALYZER_NONNULL = YES;
				CLANG_ANALYZER_NUMBER_OBJECT_CONVERSION = YES_AGGRESSIVE;
				CLANG_CXX_LANGUAGE_STANDARD = "gnu++20";
				CLANG_ENABLE_MODULES = YES;
				CLANG_ENABLE_OBJC_ARC = YES;
				CLANG_ENABLE_OBJC_WEAK = YES;
				CLANG_WARN_BLOCK_CAPTURE_AUTORELEASING = YES;
				CLANG_WARN_BOOL_CONVERSION = YES;
				CLANG_WARN_COMMA = YES;
				CLANG_WARN_CONSTANT_CONVERSION = YES;
				CLANG_WARN_DEPRECATED_OBJC_IMPLEMENTATIONS = YES;
				CLANG_WARN_DIRECT_OBJC_ISA_USAGE = YES_ERROR;
				CLANG_WARN_DOCUMENTATION_COMMENTS = YES;
				CLANG_WARN_EMPTY_BODY = YES;
				CLANG_WARN_ENUM_CONVERSION = YES;
				CLANG_WARN_INFINITE_RECURSION = YES;
				CLANG_WARN_INT_CONVERSION = YES;
				CLANG_WARN_NON_LITERAL_NULL_CONVERSION = YES;
				CLANG_WARN_OBJC_IMPLICIT_RETAIN_SELF = YES;
				CLANG_WARN_OBJC_LITERAL_CONVERSION = YES;
				CLANG_WARN_OBJC_ROOT_CLASS = YES_ERROR;
				CLANG_WARN_QUOTED_INCLUDE_IN_FRAMEWORK_HEADER = YES;
				CLANG_WARN_RANGE_LOOP_ANALYSIS = YES;
				CLANG_WARN_STRICT_PROTOTYPES = YES;
				CLANG_WARN_SUSPICIOUS_MOVE = YES;
				CLANG_WARN_UNGUARDED_AVAILABILITY = YES_AGGRESSIVE;
				CLANG_WARN_UNREACHABLE_CODE = YES;
				CLANG_WARN__DUPLICATE_METHOD_MATCH = YES;
				COPY_PHASE_STRIP = NO;
				DEBUG_INFORMATION_FORMAT = dwarf;
				ENABLE_STRICT_OBJC_MSGSEND = YES;
				ENABLE_TESTABILITY = YES;
				GCC_C_LANGUAGE_STANDARD = gnu11;
				GCC_DYNAMIC_NO_PIC = NO;
				GCC_NO_COMMON_BLOCKS = YES;
				GCC_OPTIMIZATION_LEVEL = 0;
				GCC_PREPROCESSOR_DEFINITIONS = (
					"DEBUG=1",
					"$(inherited)",
				);
				GCC_WARN_64_TO_32_BIT_CONVERSION = YES;
				GCC_WARN_ABOUT_RETURN_TYPE = YES_ERROR;
				GCC_WARN_UNDECLARED_SELECTOR = YES;
				GCC_WARN_UNINITIALIZED_AUTOS = YES_AGGRESSIVE;
				GCC_WARN_UNUSED_FUNCTION = YES;
				GCC_WARN_UNUSED_VARIABLE = YES;
				IPHONEOS_DEPLOYMENT_TARGET = 16.2;
				MTL_ENABLE_DEBUG_INFO = INCLUDE_SOURCE;
				MTL_FAST_MATH = YES;
				ONLY_ACTIVE_ARCH = YES;
				SDKROOT = iphoneos;
				SWIFT_ACTIVE_COMPILATION_CONDITIONS = DEBUG;
				SWIFT_OPTIMIZATION_LEVEL = "-Onone";
			};
			name = Debug;
		};
		B4D0CD9229769472002F4A50 /* Release */ = {
			isa = XCBuildConfiguration;
			buildSettings = {
				ALWAYS_SEARCH_USER_PATHS = NO;
				CLANG_ANALYZER_NONNULL = YES;
				CLANG_ANALYZER_NUMBER_OBJECT_CONVERSION = YES_AGGRESSIVE;
				CLANG_CXX_LANGUAGE_STANDARD = "gnu++20";
				CLANG_ENABLE_MODULES = YES;
				CLANG_ENABLE_OBJC_ARC = YES;
				CLANG_ENABLE_OBJC_WEAK = YES;
				CLANG_WARN_BLOCK_CAPTURE_AUTORELEASING = YES;
				CLANG_WARN_BOOL_CONVERSION = YES;
				CLANG_WARN_COMMA = YES;
				CLANG_WARN_CONSTANT_CONVERSION = YES;
				CLANG_WARN_DEPRECATED_OBJC_IMPLEMENTATIONS = YES;
				CLANG_WARN_DIRECT_OBJC_ISA_USAGE = YES_ERROR;
				CLANG_WARN_DOCUMENTATION_COMMENTS = YES;
				CLANG_WARN_EMPTY_BODY = YES;
				CLANG_WARN_ENUM_CONVERSION = YES;
				CLANG_WARN_INFINITE_RECURSION = YES;
				CLANG_WARN_INT_CONVERSION = YES;
				CLANG_WARN_NON_LITERAL_NULL_CONVERSION = YES;
				CLANG_WARN_OBJC_IMPLICIT_RETAIN_SELF = YES;
				CLANG_WARN_OBJC_LITERAL_CONVERSION = YES;
				CLANG_WARN_OBJC_ROOT_CLASS = YES_ERROR;
				CLANG_WARN_QUOTED_INCLUDE_IN_FRAMEWORK_HEADER = YES;
				CLANG_WARN_RANGE_LOOP_ANALYSIS = YES;
				CLANG_WARN_STRICT_PROTOTYPES = YES;
				CLANG_WARN_SUSPICIOUS_MOVE = YES;
				CLANG_WARN_UNGUARDED_AVAILABILITY = YES_AGGRESSIVE;
				CLANG_WARN_UNREACHABLE_CODE = YES;
				CLANG_WARN__DUPLICATE_METHOD_MATCH = YES;
				COPY_PHASE_STRIP = NO;
				DEBUG_INFORMATION_FORMAT = "dwarf-with-dsym";
				ENABLE_NS_ASSERTIONS = NO;
				ENABLE_STRICT_OBJC_MSGSEND = YES;
				GCC_C_LANGUAGE_STANDARD = gnu11;
				GCC_NO_COMMON_BLOCKS = YES;
				GCC_WARN_64_TO_32_BIT_CONVERSION = YES;
				GCC_WARN_ABOUT_RETURN_TYPE = YES_ERROR;
				GCC_WARN_UNDECLARED_SELECTOR = YES;
				GCC_WARN_UNINITIALIZED_AUTOS = YES_AGGRESSIVE;
				GCC_WARN_UNUSED_FUNCTION = YES;
				GCC_WARN_UNUSED_VARIABLE = YES;
				IPHONEOS_DEPLOYMENT_TARGET = 16.2;
				MTL_ENABLE_DEBUG_INFO = NO;
				MTL_FAST_MATH = YES;
				SDKROOT = iphoneos;
				SWIFT_COMPILATION_MODE = wholemodule;
				SWIFT_OPTIMIZATION_LEVEL = "-O";
				VALIDATE_PRODUCT = YES;
			};
			name = Release;
		};
		B4D0CD9429769472002F4A50 /* Debug */ = {
			isa = XCBuildConfiguration;
			baseConfigurationReference = E6E042D9B42674DE2AEE222D /* Pods-StoreBFA.debug.xcconfig */;
			buildSettings = {
				ASSETCATALOG_COMPILER_APPICON_NAME = AppIcon;
				ASSETCATALOG_COMPILER_GLOBAL_ACCENT_COLOR_NAME = AccentColor;
				CODE_SIGN_STYLE = Automatic;
				CURRENT_PROJECT_VERSION = 1;
				GENERATE_INFOPLIST_FILE = YES;
				INFOPLIST_FILE = StoreBFA/Info.plist;
				INFOPLIST_KEY_UIApplicationSupportsIndirectInputEvents = YES;
				INFOPLIST_KEY_UILaunchStoryboardName = LaunchScreen;
				INFOPLIST_KEY_UIMainStoryboardFile = Main;
				INFOPLIST_KEY_UISupportedInterfaceOrientations_iPad = "UIInterfaceOrientationPortrait UIInterfaceOrientationPortraitUpsideDown UIInterfaceOrientationLandscapeLeft UIInterfaceOrientationLandscapeRight";
				INFOPLIST_KEY_UISupportedInterfaceOrientations_iPhone = "UIInterfaceOrientationPortrait UIInterfaceOrientationLandscapeLeft UIInterfaceOrientationLandscapeRight";
				LD_RUNPATH_SEARCH_PATHS = (
					"$(inherited)",
					"@executable_path/Frameworks",
				);
				MARKETING_VERSION = 1.0;
				PRODUCT_BUNDLE_IDENTIFIER = com.projectsv.StoreBFA;
				PRODUCT_NAME = "$(TARGET_NAME)";
				SWIFT_EMIT_LOC_STRINGS = YES;
				SWIFT_VERSION = 5.0;
				TARGETED_DEVICE_FAMILY = "1,2";
			};
			name = Debug;
		};
		B4D0CD9529769472002F4A50 /* Release */ = {
			isa = XCBuildConfiguration;
			baseConfigurationReference = 63BB11BB1CA3ACAB1A6767BA /* Pods-StoreBFA.release.xcconfig */;
			buildSettings = {
				ASSETCATALOG_COMPILER_APPICON_NAME = AppIcon;
				ASSETCATALOG_COMPILER_GLOBAL_ACCENT_COLOR_NAME = AccentColor;
				CODE_SIGN_STYLE = Automatic;
				CURRENT_PROJECT_VERSION = 1;
				GENERATE_INFOPLIST_FILE = YES;
				INFOPLIST_FILE = StoreBFA/Info.plist;
				INFOPLIST_KEY_UIApplicationSupportsIndirectInputEvents = YES;
				INFOPLIST_KEY_UILaunchStoryboardName = LaunchScreen;
				INFOPLIST_KEY_UIMainStoryboardFile = Main;
				INFOPLIST_KEY_UISupportedInterfaceOrientations_iPad = "UIInterfaceOrientationPortrait UIInterfaceOrientationPortraitUpsideDown UIInterfaceOrientationLandscapeLeft UIInterfaceOrientationLandscapeRight";
				INFOPLIST_KEY_UISupportedInterfaceOrientations_iPhone = "UIInterfaceOrientationPortrait UIInterfaceOrientationLandscapeLeft UIInterfaceOrientationLandscapeRight";
				LD_RUNPATH_SEARCH_PATHS = (
					"$(inherited)",
					"@executable_path/Frameworks",
				);
				MARKETING_VERSION = 1.0;
				PRODUCT_BUNDLE_IDENTIFIER = com.projectsv.StoreBFA;
				PRODUCT_NAME = "$(TARGET_NAME)";
				SWIFT_EMIT_LOC_STRINGS = YES;
				SWIFT_VERSION = 5.0;
				TARGETED_DEVICE_FAMILY = "1,2";
			};
			name = Release;
		};
		B4D0CD9729769472002F4A50 /* Debug */ = {
			isa = XCBuildConfiguration;
			baseConfigurationReference = FB606F80506725F87CA51F7B /* Pods-StoreBFATests.debug.xcconfig */;
			buildSettings = {
				ALWAYS_EMBED_SWIFT_STANDARD_LIBRARIES = YES;
				BUNDLE_LOADER = "$(TEST_HOST)";
				CODE_SIGN_STYLE = Automatic;
				CURRENT_PROJECT_VERSION = 1;
				GENERATE_INFOPLIST_FILE = YES;
				IPHONEOS_DEPLOYMENT_TARGET = 16.2;
				MARKETING_VERSION = 1.0;
				PRODUCT_BUNDLE_IDENTIFIER = com.projectsv.StoreBFATests;
				PRODUCT_NAME = "$(TARGET_NAME)";
				SWIFT_EMIT_LOC_STRINGS = NO;
				SWIFT_VERSION = 5.0;
				TARGETED_DEVICE_FAMILY = "1,2";
				TEST_HOST = "$(BUILT_PRODUCTS_DIR)/StoreBFA.app/$(BUNDLE_EXECUTABLE_FOLDER_PATH)/StoreBFA";
			};
			name = Debug;
		};
		B4D0CD9829769472002F4A50 /* Release */ = {
			isa = XCBuildConfiguration;
			baseConfigurationReference = 251FE43E18EDB3DCC881C1D6 /* Pods-StoreBFATests.release.xcconfig */;
			buildSettings = {
				ALWAYS_EMBED_SWIFT_STANDARD_LIBRARIES = YES;
				BUNDLE_LOADER = "$(TEST_HOST)";
				CODE_SIGN_STYLE = Automatic;
				CURRENT_PROJECT_VERSION = 1;
				GENERATE_INFOPLIST_FILE = YES;
				IPHONEOS_DEPLOYMENT_TARGET = 16.2;
				MARKETING_VERSION = 1.0;
				PRODUCT_BUNDLE_IDENTIFIER = com.projectsv.StoreBFATests;
				PRODUCT_NAME = "$(TARGET_NAME)";
				SWIFT_EMIT_LOC_STRINGS = NO;
				SWIFT_VERSION = 5.0;
				TARGETED_DEVICE_FAMILY = "1,2";
				TEST_HOST = "$(BUILT_PRODUCTS_DIR)/StoreBFA.app/$(BUNDLE_EXECUTABLE_FOLDER_PATH)/StoreBFA";
			};
			name = Release;
		};
		B4D0CD9A29769472002F4A50 /* Debug */ = {
			isa = XCBuildConfiguration;
			baseConfigurationReference = 3ECE95AFE53E05D26BB7BAEF /* Pods-StoreBFA-StoreBFAUITests.debug.xcconfig */;
			buildSettings = {
				ALWAYS_EMBED_SWIFT_STANDARD_LIBRARIES = YES;
				CODE_SIGN_STYLE = Automatic;
				CURRENT_PROJECT_VERSION = 1;
				GENERATE_INFOPLIST_FILE = YES;
				MARKETING_VERSION = 1.0;
				PRODUCT_BUNDLE_IDENTIFIER = com.projectsv.StoreBFAUITests;
				PRODUCT_NAME = "$(TARGET_NAME)";
				SWIFT_EMIT_LOC_STRINGS = NO;
				SWIFT_VERSION = 5.0;
				TARGETED_DEVICE_FAMILY = "1,2";
				TEST_TARGET_NAME = StoreBFA;
			};
			name = Debug;
		};
		B4D0CD9B29769472002F4A50 /* Release */ = {
			isa = XCBuildConfiguration;
			baseConfigurationReference = DA74F178B2B766717B248021 /* Pods-StoreBFA-StoreBFAUITests.release.xcconfig */;
			buildSettings = {
				ALWAYS_EMBED_SWIFT_STANDARD_LIBRARIES = YES;
				CODE_SIGN_STYLE = Automatic;
				CURRENT_PROJECT_VERSION = 1;
				GENERATE_INFOPLIST_FILE = YES;
				MARKETING_VERSION = 1.0;
				PRODUCT_BUNDLE_IDENTIFIER = com.projectsv.StoreBFAUITests;
				PRODUCT_NAME = "$(TARGET_NAME)";
				SWIFT_EMIT_LOC_STRINGS = NO;
				SWIFT_VERSION = 5.0;
				TARGETED_DEVICE_FAMILY = "1,2";
				TEST_TARGET_NAME = StoreBFA;
			};
			name = Release;
		};
/* End XCBuildConfiguration section */

/* Begin XCConfigurationList section */
		B4D0CD6429769471002F4A50 /* Build configuration list for PBXProject "StoreBFA" */ = {
			isa = XCConfigurationList;
			buildConfigurations = (
				B4D0CD9129769472002F4A50 /* Debug */,
				B4D0CD9229769472002F4A50 /* Release */,
			);
			defaultConfigurationIsVisible = 0;
			defaultConfigurationName = Release;
		};
		B4D0CD9329769472002F4A50 /* Build configuration list for PBXNativeTarget "StoreBFA" */ = {
			isa = XCConfigurationList;
			buildConfigurations = (
				B4D0CD9429769472002F4A50 /* Debug */,
				B4D0CD9529769472002F4A50 /* Release */,
			);
			defaultConfigurationIsVisible = 0;
			defaultConfigurationName = Release;
		};
		B4D0CD9629769472002F4A50 /* Build configuration list for PBXNativeTarget "StoreBFATests" */ = {
			isa = XCConfigurationList;
			buildConfigurations = (
				B4D0CD9729769472002F4A50 /* Debug */,
				B4D0CD9829769472002F4A50 /* Release */,
			);
			defaultConfigurationIsVisible = 0;
			defaultConfigurationName = Release;
		};
		B4D0CD9929769472002F4A50 /* Build configuration list for PBXNativeTarget "StoreBFAUITests" */ = {
			isa = XCConfigurationList;
			buildConfigurations = (
				B4D0CD9A29769472002F4A50 /* Debug */,
				B4D0CD9B29769472002F4A50 /* Release */,
			);
			defaultConfigurationIsVisible = 0;
			defaultConfigurationName = Release;
		};
/* End XCConfigurationList section */

/* Begin XCRemoteSwiftPackageReference section */
		B4D0CD9E2976959A002F4A50 /* XCRemoteSwiftPackageReference "firebase-ios-sdk" */ = {
			isa = XCRemoteSwiftPackageReference;
			repositoryURL = "https://github.com/firebase/firebase-ios-sdk";
			requirement = {
				kind = upToNextMajorVersion;
				minimumVersion = 9.0.0;
			};
		};
/* End XCRemoteSwiftPackageReference section */

/* Begin XCSwiftPackageProductDependency section */
		B4D0CD9F2976959A002F4A50 /* FirebaseAnalytics */ = {
			isa = XCSwiftPackageProductDependency;
			package = B4D0CD9E2976959A002F4A50 /* XCRemoteSwiftPackageReference "firebase-ios-sdk" */;
			productName = FirebaseAnalytics;
		};
		B4D0CDA12976959A002F4A50 /* FirebaseAuth */ = {
			isa = XCSwiftPackageProductDependency;
			package = B4D0CD9E2976959A002F4A50 /* XCRemoteSwiftPackageReference "firebase-ios-sdk" */;
			productName = FirebaseAuth;
		};
		B4D0CDA32976959B002F4A50 /* FirebaseDatabase */ = {
			isa = XCSwiftPackageProductDependency;
			package = B4D0CD9E2976959A002F4A50 /* XCRemoteSwiftPackageReference "firebase-ios-sdk" */;
			productName = FirebaseDatabase;
		};
		B4D0CDA52976959B002F4A50 /* FirebaseFirestore */ = {
			isa = XCSwiftPackageProductDependency;
			package = B4D0CD9E2976959A002F4A50 /* XCRemoteSwiftPackageReference "firebase-ios-sdk" */;
			productName = FirebaseFirestore;
		};
		B4D0CDA72976959B002F4A50 /* FirebaseStorage */ = {
			isa = XCSwiftPackageProductDependency;
			package = B4D0CD9E2976959A002F4A50 /* XCRemoteSwiftPackageReference "firebase-ios-sdk" */;
			productName = FirebaseStorage;
		};
/* End XCSwiftPackageProductDependency section */
	};
	rootObject = B4D0CD6129769471002F4A50 /* Project object */;
}
